// !$*UTF8*$!
{
	archiveVersion = 1;
	classes = {
	};
	objectVersion = 50;
	objects = {

/* Begin PBXBuildFile section */
		91BC2DB426164F490065AE95 /* AppDelegate.swift in Sources */ = {isa = PBXBuildFile; fileRef = 91BC2DB326164F490065AE95 /* AppDelegate.swift */; };
		91BC2DB626164F490065AE95 /* SceneDelegate.swift in Sources */ = {isa = PBXBuildFile; fileRef = 91BC2DB526164F490065AE95 /* SceneDelegate.swift */; };
		91BC2DBB26164F490065AE95 /* Main.storyboard in Resources */ = {isa = PBXBuildFile; fileRef = 91BC2DB926164F490065AE95 /* Main.storyboard */; };
		91BC2DBD26164F4B0065AE95 /* Assets.xcassets in Resources */ = {isa = PBXBuildFile; fileRef = 91BC2DBC26164F4B0065AE95 /* Assets.xcassets */; };
		91BC2DC026164F4B0065AE95 /* LaunchScreen.storyboard in Resources */ = {isa = PBXBuildFile; fileRef = 91BC2DBE26164F4B0065AE95 /* LaunchScreen.storyboard */; };
		91BC2DCB26164F4C0065AE95 /* FetchCodingChallengeTests.swift in Sources */ = {isa = PBXBuildFile; fileRef = 91BC2DCA26164F4C0065AE95 /* FetchCodingChallengeTests.swift */; };
		91BC2DD626164F4C0065AE95 /* FetchCodingChallengeUITests.swift in Sources */ = {isa = PBXBuildFile; fileRef = 91BC2DD526164F4C0065AE95 /* FetchCodingChallengeUITests.swift */; };
		91BC2DEA261787730065AE95 /* Event.swift in Sources */ = {isa = PBXBuildFile; fileRef = 91BC2DE9261787730065AE95 /* Event.swift */; };
		91BC2DF2261787810065AE95 /* Performer.swift in Sources */ = {isa = PBXBuildFile; fileRef = 91BC2DF1261787810065AE95 /* Performer.swift */; };
		91BC2DF7261787930065AE95 /* Venue.swift in Sources */ = {isa = PBXBuildFile; fileRef = 91BC2DF6261787930065AE95 /* Venue.swift */; };
		91BC2DFC26178AC00065AE95 /* EventsViewController.swift in Sources */ = {isa = PBXBuildFile; fileRef = 91BC2DFB26178AC00065AE95 /* EventsViewController.swift */; };
		91BC2E0126178B260065AE95 /* EventDetailViewController.swift in Sources */ = {isa = PBXBuildFile; fileRef = 91BC2E0026178B260065AE95 /* EventDetailViewController.swift */; };
		91BC2E162617A79F0065AE95 /* EventView.swift in Sources */ = {isa = PBXBuildFile; fileRef = 91BC2E152617A79F0065AE95 /* EventView.swift */; };
		91BC2E1C2617A7B80065AE95 /* EventDetailView.swift in Sources */ = {isa = PBXBuildFile; fileRef = 91BC2E1B2617A7B80065AE95 /* EventDetailView.swift */; };
/* End PBXBuildFile section */

/* Begin PBXContainerItemProxy section */
		91BC2DC726164F4C0065AE95 /* PBXContainerItemProxy */ = {
			isa = PBXContainerItemProxy;
			containerPortal = 91BC2DA826164F490065AE95 /* Project object */;
			proxyType = 1;
			remoteGlobalIDString = 91BC2DAF26164F490065AE95;
			remoteInfo = FetchCodingChallenge;
		};
		91BC2DD226164F4C0065AE95 /* PBXContainerItemProxy */ = {
			isa = PBXContainerItemProxy;
			containerPortal = 91BC2DA826164F490065AE95 /* Project object */;
			proxyType = 1;
			remoteGlobalIDString = 91BC2DAF26164F490065AE95;
			remoteInfo = FetchCodingChallenge;
		};
/* End PBXContainerItemProxy section */

/* Begin PBXFileReference section */
		91BC2DB026164F490065AE95 /* FetchCodingChallenge.app */ = {isa = PBXFileReference; explicitFileType = wrapper.application; includeInIndex = 0; path = FetchCodingChallenge.app; sourceTree = BUILT_PRODUCTS_DIR; };
		91BC2DB326164F490065AE95 /* AppDelegate.swift */ = {isa = PBXFileReference; lastKnownFileType = sourcecode.swift; path = AppDelegate.swift; sourceTree = "<group>"; };
		91BC2DB526164F490065AE95 /* SceneDelegate.swift */ = {isa = PBXFileReference; lastKnownFileType = sourcecode.swift; path = SceneDelegate.swift; sourceTree = "<group>"; };
		91BC2DBA26164F490065AE95 /* Base */ = {isa = PBXFileReference; lastKnownFileType = file.storyboard; name = Base; path = Base.lproj/Main.storyboard; sourceTree = "<group>"; };
		91BC2DBC26164F4B0065AE95 /* Assets.xcassets */ = {isa = PBXFileReference; lastKnownFileType = folder.assetcatalog; path = Assets.xcassets; sourceTree = "<group>"; };
		91BC2DBF26164F4B0065AE95 /* Base */ = {isa = PBXFileReference; lastKnownFileType = file.storyboard; name = Base; path = Base.lproj/LaunchScreen.storyboard; sourceTree = "<group>"; };
		91BC2DC126164F4B0065AE95 /* Info.plist */ = {isa = PBXFileReference; lastKnownFileType = text.plist.xml; path = Info.plist; sourceTree = "<group>"; };
		91BC2DC626164F4C0065AE95 /* FetchCodingChallengeTests.xctest */ = {isa = PBXFileReference; explicitFileType = wrapper.cfbundle; includeInIndex = 0; path = FetchCodingChallengeTests.xctest; sourceTree = BUILT_PRODUCTS_DIR; };
		91BC2DCA26164F4C0065AE95 /* FetchCodingChallengeTests.swift */ = {isa = PBXFileReference; lastKnownFileType = sourcecode.swift; path = FetchCodingChallengeTests.swift; sourceTree = "<group>"; };
		91BC2DCC26164F4C0065AE95 /* Info.plist */ = {isa = PBXFileReference; lastKnownFileType = text.plist.xml; path = Info.plist; sourceTree = "<group>"; };
		91BC2DD126164F4C0065AE95 /* FetchCodingChallengeUITests.xctest */ = {isa = PBXFileReference; explicitFileType = wrapper.cfbundle; includeInIndex = 0; path = FetchCodingChallengeUITests.xctest; sourceTree = BUILT_PRODUCTS_DIR; };
		91BC2DD526164F4C0065AE95 /* FetchCodingChallengeUITests.swift */ = {isa = PBXFileReference; lastKnownFileType = sourcecode.swift; path = FetchCodingChallengeUITests.swift; sourceTree = "<group>"; };
		91BC2DD726164F4C0065AE95 /* Info.plist */ = {isa = PBXFileReference; lastKnownFileType = text.plist.xml; path = Info.plist; sourceTree = "<group>"; };
		91BC2DE9261787730065AE95 /* Event.swift */ = {isa = PBXFileReference; lastKnownFileType = sourcecode.swift; path = Event.swift; sourceTree = "<group>"; };
		91BC2DF1261787810065AE95 /* Performer.swift */ = {isa = PBXFileReference; lastKnownFileType = sourcecode.swift; name = Performer.swift; path = FetchCodingChallenge/Performer.swift; sourceTree = SOURCE_ROOT; };
		91BC2DF6261787930065AE95 /* Venue.swift */ = {isa = PBXFileReference; lastKnownFileType = sourcecode.swift; path = Venue.swift; sourceTree = "<group>"; };
		91BC2DFB26178AC00065AE95 /* EventsViewController.swift */ = {isa = PBXFileReference; lastKnownFileType = sourcecode.swift; path = EventsViewController.swift; sourceTree = "<group>"; };
		91BC2E0026178B260065AE95 /* EventDetailViewController.swift */ = {isa = PBXFileReference; lastKnownFileType = sourcecode.swift; path = EventDetailViewController.swift; sourceTree = "<group>"; };
		91BC2E152617A79F0065AE95 /* EventView.swift */ = {isa = PBXFileReference; lastKnownFileType = sourcecode.swift; path = EventView.swift; sourceTree = "<group>"; };
		91BC2E1B2617A7B80065AE95 /* EventDetailView.swift */ = {isa = PBXFileReference; lastKnownFileType = sourcecode.swift; path = EventDetailView.swift; sourceTree = "<group>"; };
/* End PBXFileReference section */

/* Begin PBXFrameworksBuildPhase section */
		91BC2DAD26164F490065AE95 /* Frameworks */ = {
			isa = PBXFrameworksBuildPhase;
			buildActionMask = 2147483647;
			files = (
			);
			runOnlyForDeploymentPostprocessing = 0;
		};
		91BC2DC326164F4C0065AE95 /* Frameworks */ = {
			isa = PBXFrameworksBuildPhase;
			buildActionMask = 2147483647;
			files = (
			);
			runOnlyForDeploymentPostprocessing = 0;
		};
		91BC2DCE26164F4C0065AE95 /* Frameworks */ = {
			isa = PBXFrameworksBuildPhase;
			buildActionMask = 2147483647;
			files = (
			);
			runOnlyForDeploymentPostprocessing = 0;
		};
/* End PBXFrameworksBuildPhase section */

/* Begin PBXGroup section */
		91BC2DA726164F490065AE95 = {
			isa = PBXGroup;
			children = (
				91BC2DB226164F490065AE95 /* FetchCodingChallenge */,
				91BC2DC926164F4C0065AE95 /* FetchCodingChallengeTests */,
				91BC2DD426164F4C0065AE95 /* FetchCodingChallengeUITests */,
				91BC2DB126164F490065AE95 /* Products */,
			);
			sourceTree = "<group>";
		};
		91BC2DB126164F490065AE95 /* Products */ = {
			isa = PBXGroup;
			children = (
				91BC2DB026164F490065AE95 /* FetchCodingChallenge.app */,
				91BC2DC626164F4C0065AE95 /* FetchCodingChallengeTests.xctest */,
				91BC2DD126164F4C0065AE95 /* FetchCodingChallengeUITests.xctest */,
			);
			name = Products;
			sourceTree = "<group>";
		};
		91BC2DB226164F490065AE95 /* FetchCodingChallenge */ = {
			isa = PBXGroup;
			children = (
				91BC2DE726164F900065AE95 /* Models */,
				91BC2E1A2617A7A60065AE95 /* Views */,
				91BC2DE626164F850065AE95 /* ViewControllers */,
				91BC2DE826164FA00065AE95 /* Network */,
				91BC2DB326164F490065AE95 /* AppDelegate.swift */,
				91BC2DB526164F490065AE95 /* SceneDelegate.swift */,
				91BC2DB926164F490065AE95 /* Main.storyboard */,
				91BC2DBC26164F4B0065AE95 /* Assets.xcassets */,
				91BC2DBE26164F4B0065AE95 /* LaunchScreen.storyboard */,
				91BC2DC126164F4B0065AE95 /* Info.plist */,
			);
			path = FetchCodingChallenge;
			sourceTree = "<group>";
		};
		91BC2DC926164F4C0065AE95 /* FetchCodingChallengeTests */ = {
			isa = PBXGroup;
			children = (
				91BC2DCA26164F4C0065AE95 /* FetchCodingChallengeTests.swift */,
				91BC2DCC26164F4C0065AE95 /* Info.plist */,
			);
			path = FetchCodingChallengeTests;
			sourceTree = "<group>";
		};
		91BC2DD426164F4C0065AE95 /* FetchCodingChallengeUITests */ = {
			isa = PBXGroup;
			children = (
				91BC2DD526164F4C0065AE95 /* FetchCodingChallengeUITests.swift */,
				91BC2DD726164F4C0065AE95 /* Info.plist */,
			);
			path = FetchCodingChallengeUITests;
			sourceTree = "<group>";
		};
		91BC2DE626164F850065AE95 /* ViewControllers */ = {
			isa = PBXGroup;
			children = (
				91BC2DFB26178AC00065AE95 /* EventsViewController.swift */,
				91BC2E0026178B260065AE95 /* EventDetailViewController.swift */,
			);
			path = ViewControllers;
			sourceTree = "<group>";
		};
		91BC2DE726164F900065AE95 /* Models */ = {
			isa = PBXGroup;
			children = (
				91BC2DE9261787730065AE95 /* Event.swift */,
				91BC2DF1261787810065AE95 /* Performer.swift */,
				91BC2DF6261787930065AE95 /* Venue.swift */,
			);
			path = Models;
			sourceTree = "<group>";
		};
		91BC2DE826164FA00065AE95 /* Network */ = {
			isa = PBXGroup;
			children = (
			);
			path = Network;
			sourceTree = "<group>";
		};
		91BC2E1A2617A7A60065AE95 /* Views */ = {
			isa = PBXGroup;
			children = (
				91BC2E152617A79F0065AE95 /* EventView.swift */,
				91BC2E1B2617A7B80065AE95 /* EventDetailView.swift */,
			);
			path = Views;
			sourceTree = "<group>";
		};
/* End PBXGroup section */

/* Begin PBXNativeTarget section */
		91BC2DAF26164F490065AE95 /* FetchCodingChallenge */ = {
			isa = PBXNativeTarget;
			buildConfigurationList = 91BC2DDA26164F4C0065AE95 /* Build configuration list for PBXNativeTarget "FetchCodingChallenge" */;
			buildPhases = (
				91BC2DAC26164F490065AE95 /* Sources */,
				91BC2DAD26164F490065AE95 /* Frameworks */,
				91BC2DAE26164F490065AE95 /* Resources */,
			);
			buildRules = (
			);
			dependencies = (
			);
			name = FetchCodingChallenge;
			productName = FetchCodingChallenge;
			productReference = 91BC2DB026164F490065AE95 /* FetchCodingChallenge.app */;
			productType = "com.apple.product-type.application";
		};
		91BC2DC526164F4C0065AE95 /* FetchCodingChallengeTests */ = {
			isa = PBXNativeTarget;
			buildConfigurationList = 91BC2DDD26164F4C0065AE95 /* Build configuration list for PBXNativeTarget "FetchCodingChallengeTests" */;
			buildPhases = (
				91BC2DC226164F4C0065AE95 /* Sources */,
				91BC2DC326164F4C0065AE95 /* Frameworks */,
				91BC2DC426164F4C0065AE95 /* Resources */,
			);
			buildRules = (
			);
			dependencies = (
				91BC2DC826164F4C0065AE95 /* PBXTargetDependency */,
			);
			name = FetchCodingChallengeTests;
			productName = FetchCodingChallengeTests;
			productReference = 91BC2DC626164F4C0065AE95 /* FetchCodingChallengeTests.xctest */;
			productType = "com.apple.product-type.bundle.unit-test";
		};
		91BC2DD026164F4C0065AE95 /* FetchCodingChallengeUITests */ = {
			isa = PBXNativeTarget;
			buildConfigurationList = 91BC2DE026164F4C0065AE95 /* Build configuration list for PBXNativeTarget "FetchCodingChallengeUITests" */;
			buildPhases = (
				91BC2DCD26164F4C0065AE95 /* Sources */,
				91BC2DCE26164F4C0065AE95 /* Frameworks */,
				91BC2DCF26164F4C0065AE95 /* Resources */,
			);
			buildRules = (
			);
			dependencies = (
				91BC2DD326164F4C0065AE95 /* PBXTargetDependency */,
			);
			name = FetchCodingChallengeUITests;
			productName = FetchCodingChallengeUITests;
			productReference = 91BC2DD126164F4C0065AE95 /* FetchCodingChallengeUITests.xctest */;
			productType = "com.apple.product-type.bundle.ui-testing";
		};
/* End PBXNativeTarget section */

/* Begin PBXProject section */
		91BC2DA826164F490065AE95 /* Project object */ = {
			isa = PBXProject;
			attributes = {
				LastSwiftUpdateCheck = 1240;
				LastUpgradeCheck = 1240;
				TargetAttributes = {
					91BC2DAF26164F490065AE95 = {
						CreatedOnToolsVersion = 12.4;
					};
					91BC2DC526164F4C0065AE95 = {
						CreatedOnToolsVersion = 12.4;
						TestTargetID = 91BC2DAF26164F490065AE95;
					};
					91BC2DD026164F4C0065AE95 = {
						CreatedOnToolsVersion = 12.4;
						TestTargetID = 91BC2DAF26164F490065AE95;
					};
				};
			};
			buildConfigurationList = 91BC2DAB26164F490065AE95 /* Build configuration list for PBXProject "FetchCodingChallenge" */;
			compatibilityVersion = "Xcode 9.3";
			developmentRegion = en;
			hasScannedForEncodings = 0;
			knownRegions = (
				en,
				Base,
			);
			mainGroup = 91BC2DA726164F490065AE95;
			productRefGroup = 91BC2DB126164F490065AE95 /* Products */;
			projectDirPath = "";
			projectRoot = "";
			targets = (
				91BC2DAF26164F490065AE95 /* FetchCodingChallenge */,
				91BC2DC526164F4C0065AE95 /* FetchCodingChallengeTests */,
				91BC2DD026164F4C0065AE95 /* FetchCodingChallengeUITests */,
			);
		};
/* End PBXProject section */

/* Begin PBXResourcesBuildPhase section */
		91BC2DAE26164F490065AE95 /* Resources */ = {
			isa = PBXResourcesBuildPhase;
			buildActionMask = 2147483647;
			files = (
				91BC2DC026164F4B0065AE95 /* LaunchScreen.storyboard in Resources */,
				91BC2DBD26164F4B0065AE95 /* Assets.xcassets in Resources */,
				91BC2DBB26164F490065AE95 /* Main.storyboard in Resources */,
			);
			runOnlyForDeploymentPostprocessing = 0;
		};
		91BC2DC426164F4C0065AE95 /* Resources */ = {
			isa = PBXResourcesBuildPhase;
			buildActionMask = 2147483647;
			files = (
			);
			runOnlyForDeploymentPostprocessing = 0;
		};
		91BC2DCF26164F4C0065AE95 /* Resources */ = {
			isa = PBXResourcesBuildPhase;
			buildActionMask = 2147483647;
			files = (
			);
			runOnlyForDeploymentPostprocessing = 0;
		};
/* End PBXResourcesBuildPhase section */

/* Begin PBXSourcesBuildPhase section */
		91BC2DAC26164F490065AE95 /* Sources */ = {
			isa = PBXSourcesBuildPhase;
			buildActionMask = 2147483647;
			files = (
				91BC2DEA261787730065AE95 /* Event.swift in Sources */,
				91BC2DF7261787930065AE95 /* Venue.swift in Sources */,
				91BC2DF2261787810065AE95 /* Performer.swift in Sources */,
				91BC2DFC26178AC00065AE95 /* EventsViewController.swift in Sources */,
				91BC2DB426164F490065AE95 /* AppDelegate.swift in Sources */,
				91BC2E1C2617A7B80065AE95 /* EventDetailView.swift in Sources */,
				91BC2E0126178B260065AE95 /* EventDetailViewController.swift in Sources */,
				91BC2DB626164F490065AE95 /* SceneDelegate.swift in Sources */,
				91BC2E162617A79F0065AE95 /* EventView.swift in Sources */,
			);
			runOnlyForDeploymentPostprocessing = 0;
		};
		91BC2DC226164F4C0065AE95 /* Sources */ = {
			isa = PBXSourcesBuildPhase;
			buildActionMask = 2147483647;
			files = (
				91BC2DCB26164F4C0065AE95 /* FetchCodingChallengeTests.swift in Sources */,
			);
			runOnlyForDeploymentPostprocessing = 0;
		};
		91BC2DCD26164F4C0065AE95 /* Sources */ = {
			isa = PBXSourcesBuildPhase;
			buildActionMask = 2147483647;
			files = (
				91BC2DD626164F4C0065AE95 /* FetchCodingChallengeUITests.swift in Sources */,
			);
			runOnlyForDeploymentPostprocessing = 0;
		};
/* End PBXSourcesBuildPhase section */

/* Begin PBXTargetDependency section */
		91BC2DC826164F4C0065AE95 /* PBXTargetDependency */ = {
			isa = PBXTargetDependency;
			target = 91BC2DAF26164F490065AE95 /* FetchCodingChallenge */;
			targetProxy = 91BC2DC726164F4C0065AE95 /* PBXContainerItemProxy */;
		};
		91BC2DD326164F4C0065AE95 /* PBXTargetDependency */ = {
			isa = PBXTargetDependency;
			target = 91BC2DAF26164F490065AE95 /* FetchCodingChallenge */;
			targetProxy = 91BC2DD226164F4C0065AE95 /* PBXContainerItemProxy */;
		};
/* End PBXTargetDependency section */

/* Begin PBXVariantGroup section */
		91BC2DB926164F490065AE95 /* Main.storyboard */ = {
			isa = PBXVariantGroup;
			children = (
				91BC2DBA26164F490065AE95 /* Base */,
			);
			name = Main.storyboard;
			sourceTree = "<group>";
		};
		91BC2DBE26164F4B0065AE95 /* LaunchScreen.storyboard */ = {
			isa = PBXVariantGroup;
			children = (
				91BC2DBF26164F4B0065AE95 /* Base */,
			);
			name = LaunchScreen.storyboard;
			sourceTree = "<group>";
		};
/* End PBXVariantGroup section */

/* Begin XCBuildConfiguration section */
		91BC2DD826164F4C0065AE95 /* Debug */ = {
			isa = XCBuildConfiguration;
			buildSettings = {
				ALWAYS_SEARCH_USER_PATHS = NO;
				CLANG_ANALYZER_NONNULL = YES;
				CLANG_ANALYZER_NUMBER_OBJECT_CONVERSION = YES_AGGRESSIVE;
				CLANG_CXX_LANGUAGE_STANDARD = "gnu++14";
				CLANG_CXX_LIBRARY = "libc++";
				CLANG_ENABLE_MODULES = YES;
				CLANG_ENABLE_OBJC_ARC = YES;
				CLANG_ENABLE_OBJC_WEAK = YES;
				CLANG_WARN_BLOCK_CAPTURE_AUTORELEASING = YES;
				CLANG_WARN_BOOL_CONVERSION = YES;
				CLANG_WARN_COMMA = YES;
				CLANG_WARN_CONSTANT_CONVERSION = YES;
				CLANG_WARN_DEPRECATED_OBJC_IMPLEMENTATIONS = YES;
				CLANG_WARN_DIRECT_OBJC_ISA_USAGE = YES_ERROR;
				CLANG_WARN_DOCUMENTATION_COMMENTS = YES;
				CLANG_WARN_EMPTY_BODY = YES;
				CLANG_WARN_ENUM_CONVERSION = YES;
				CLANG_WARN_INFINITE_RECURSION = YES;
				CLANG_WARN_INT_CONVERSION = YES;
				CLANG_WARN_NON_LITERAL_NULL_CONVERSION = YES;
				CLANG_WARN_OBJC_IMPLICIT_RETAIN_SELF = YES;
				CLANG_WARN_OBJC_LITERAL_CONVERSION = YES;
				CLANG_WARN_OBJC_ROOT_CLASS = YES_ERROR;
				CLANG_WARN_QUOTED_INCLUDE_IN_FRAMEWORK_HEADER = YES;
				CLANG_WARN_RANGE_LOOP_ANALYSIS = YES;
				CLANG_WARN_STRICT_PROTOTYPES = YES;
				CLANG_WARN_SUSPICIOUS_MOVE = YES;
				CLANG_WARN_UNGUARDED_AVAILABILITY = YES_AGGRESSIVE;
				CLANG_WARN_UNREACHABLE_CODE = YES;
				CLANG_WARN__DUPLICATE_METHOD_MATCH = YES;
				COPY_PHASE_STRIP = NO;
				DEBUG_INFORMATION_FORMAT = dwarf;
				ENABLE_STRICT_OBJC_MSGSEND = YES;
				ENABLE_TESTABILITY = YES;
				GCC_C_LANGUAGE_STANDARD = gnu11;
				GCC_DYNAMIC_NO_PIC = NO;
				GCC_NO_COMMON_BLOCKS = YES;
				GCC_OPTIMIZATION_LEVEL = 0;
				GCC_PREPROCESSOR_DEFINITIONS = (
					"DEBUG=1",
					"$(inherited)",
				);
				GCC_WARN_64_TO_32_BIT_CONVERSION = YES;
				GCC_WARN_ABOUT_RETURN_TYPE = YES_ERROR;
				GCC_WARN_UNDECLARED_SELECTOR = YES;
				GCC_WARN_UNINITIALIZED_AUTOS = YES_AGGRESSIVE;
				GCC_WARN_UNUSED_FUNCTION = YES;
				GCC_WARN_UNUSED_VARIABLE = YES;
				IPHONEOS_DEPLOYMENT_TARGET = 14.4;
				MTL_ENABLE_DEBUG_INFO = INCLUDE_SOURCE;
				MTL_FAST_MATH = YES;
				ONLY_ACTIVE_ARCH = YES;
				SDKROOT = iphoneos;
				SWIFT_ACTIVE_COMPILATION_CONDITIONS = DEBUG;
				SWIFT_OPTIMIZATION_LEVEL = "-Onone";
			};
			name = Debug;
		};
		91BC2DD926164F4C0065AE95 /* Release */ = {
			isa = XCBuildConfiguration;
			buildSettings = {
				ALWAYS_SEARCH_USER_PATHS = NO;
				CLANG_ANALYZER_NONNULL = YES;
				CLANG_ANALYZER_NUMBER_OBJECT_CONVERSION = YES_AGGRESSIVE;
				CLANG_CXX_LANGUAGE_STANDARD = "gnu++14";
				CLANG_CXX_LIBRARY = "libc++";
				CLANG_ENABLE_MODULES = YES;
				CLANG_ENABLE_OBJC_ARC = YES;
				CLANG_ENABLE_OBJC_WEAK = YES;
				CLANG_WARN_BLOCK_CAPTURE_AUTORELEASING = YES;
				CLANG_WARN_BOOL_CONVERSION = YES;
				CLANG_WARN_COMMA = YES;
				CLANG_WARN_CONSTANT_CONVERSION = YES;
				CLANG_WARN_DEPRECATED_OBJC_IMPLEMENTATIONS = YES;
				CLANG_WARN_DIRECT_OBJC_ISA_USAGE = YES_ERROR;
				CLANG_WARN_DOCUMENTATION_COMMENTS = YES;
				CLANG_WARN_EMPTY_BODY = YES;
				CLANG_WARN_ENUM_CONVERSION = YES;
				CLANG_WARN_INFINITE_RECURSION = YES;
				CLANG_WARN_INT_CONVERSION = YES;
				CLANG_WARN_NON_LITERAL_NULL_CONVERSION = YES;
				CLANG_WARN_OBJC_IMPLICIT_RETAIN_SELF = YES;
				CLANG_WARN_OBJC_LITERAL_CONVERSION = YES;
				CLANG_WARN_OBJC_ROOT_CLASS = YES_ERROR;
				CLANG_WARN_QUOTED_INCLUDE_IN_FRAMEWORK_HEADER = YES;
				CLANG_WARN_RANGE_LOOP_ANALYSIS = YES;
				CLANG_WARN_STRICT_PROTOTYPES = YES;
				CLANG_WARN_SUSPICIOUS_MOVE = YES;
				CLANG_WARN_UNGUARDED_AVAILABILITY = YES_AGGRESSIVE;
				CLANG_WARN_UNREACHABLE_CODE = YES;
				CLANG_WARN__DUPLICATE_METHOD_MATCH = YES;
				COPY_PHASE_STRIP = NO;
				DEBUG_INFORMATION_FORMAT = "dwarf-with-dsym";
				ENABLE_NS_ASSERTIONS = NO;
				ENABLE_STRICT_OBJC_MSGSEND = YES;
				GCC_C_LANGUAGE_STANDARD = gnu11;
				GCC_NO_COMMON_BLOCKS = YES;
				GCC_WARN_64_TO_32_BIT_CONVERSION = YES;
				GCC_WARN_ABOUT_RETURN_TYPE = YES_ERROR;
				GCC_WARN_UNDECLARED_SELECTOR = YES;
				GCC_WARN_UNINITIALIZED_AUTOS = YES_AGGRESSIVE;
				GCC_WARN_UNUSED_FUNCTION = YES;
				GCC_WARN_UNUSED_VARIABLE = YES;
				IPHONEOS_DEPLOYMENT_TARGET = 14.4;
				MTL_ENABLE_DEBUG_INFO = NO;
				MTL_FAST_MATH = YES;
				SDKROOT = iphoneos;
				SWIFT_COMPILATION_MODE = wholemodule;
				SWIFT_OPTIMIZATION_LEVEL = "-O";
				VALIDATE_PRODUCT = YES;
			};
			name = Release;
		};
		91BC2DDB26164F4C0065AE95 /* Debug */ = {
			isa = XCBuildConfiguration;
			buildSettings = {
				ASSETCATALOG_COMPILER_APPICON_NAME = AppIcon;
				ASSETCATALOG_COMPILER_GLOBAL_ACCENT_COLOR_NAME = AccentColor;
				CODE_SIGN_STYLE = Automatic;
				INFOPLIST_FILE = FetchCodingChallenge/Info.plist;
				LD_RUNPATH_SEARCH_PATHS = (
					"$(inherited)",
					"@executable_path/Frameworks",
				);
				PRODUCT_BUNDLE_IDENTIFIER = TestApp.FetchCodingChallenge;
				PRODUCT_NAME = "$(TARGET_NAME)";
				SWIFT_VERSION = 5.0;
				TARGETED_DEVICE_FAMILY = "1,2";
			};
			name = Debug;
		};
		91BC2DDC26164F4C0065AE95 /* Release */ = {
			isa = XCBuildConfiguration;
			buildSettings = {
				ASSETCATALOG_COMPILER_APPICON_NAME = AppIcon;
				ASSETCATALOG_COMPILER_GLOBAL_ACCENT_COLOR_NAME = AccentColor;
				CODE_SIGN_STYLE = Automatic;
				INFOPLIST_FILE = FetchCodingChallenge/Info.plist;
				LD_RUNPATH_SEARCH_PATHS = (
					"$(inherited)",
					"@executable_path/Frameworks",
				);
				PRODUCT_BUNDLE_IDENTIFIER = TestApp.FetchCodingChallenge;
				PRODUCT_NAME = "$(TARGET_NAME)";
				SWIFT_VERSION = 5.0;
				TARGETED_DEVICE_FAMILY = "1,2";
			};
			name = Release;
		};
		91BC2DDE26164F4C0065AE95 /* Debug */ = {
			isa = XCBuildConfiguration;
			buildSettings = {
				ALWAYS_EMBED_SWIFT_STANDARD_LIBRARIES = YES;
				BUNDLE_LOADER = "$(TEST_HOST)";
				CODE_SIGN_STYLE = Automatic;
				INFOPLIST_FILE = FetchCodingChallengeTests/Info.plist;
				IPHONEOS_DEPLOYMENT_TARGET = 14.4;
				LD_RUNPATH_SEARCH_PATHS = (
					"$(inherited)",
					"@executable_path/Frameworks",
					"@loader_path/Frameworks",
				);
				PRODUCT_BUNDLE_IDENTIFIER = TestApp.FetchCodingChallengeTests;
				PRODUCT_NAME = "$(TARGET_NAME)";
				SWIFT_VERSION = 5.0;
				TARGETED_DEVICE_FAMILY = "1,2";
				TEST_HOST = "$(BUILT_PRODUCTS_DIR)/FetchCodingChallenge.app/FetchCodingChallenge";
			};
			name = Debug;
		};
		91BC2DDF26164F4C0065AE95 /* Release */ = {
			isa = XCBuildConfiguration;
			buildSettings = {
				ALWAYS_EMBED_SWIFT_STANDARD_LIBRARIES = YES;
				BUNDLE_LOADER = "$(TEST_HOST)";
				CODE_SIGN_STYLE = Automatic;
				INFOPLIST_FILE = FetchCodingChallengeTests/Info.plist;
				IPHONEOS_DEPLOYMENT_TARGET = 14.4;
				LD_RUNPATH_SEARCH_PATHS = (
					"$(inherited)",
					"@executable_path/Frameworks",
					"@loader_path/Frameworks",
				);
				PRODUCT_BUNDLE_IDENTIFIER = TestApp.FetchCodingChallengeTests;
				PRODUCT_NAME = "$(TARGET_NAME)";
				SWIFT_VERSION = 5.0;
				TARGETED_DEVICE_FAMILY = "1,2";
				TEST_HOST = "$(BUILT_PRODUCTS_DIR)/FetchCodingChallenge.app/FetchCodingChallenge";
			};
			name = Release;
		};
		91BC2DE126164F4C0065AE95 /* Debug */ = {
			isa = XCBuildConfiguration;
			buildSettings = {
				ALWAYS_EMBED_SWIFT_STANDARD_LIBRARIES = YES;
				CODE_SIGN_STYLE = Automatic;
				INFOPLIST_FILE = FetchCodingChallengeUITests/Info.plist;
				LD_RUNPATH_SEARCH_PATHS = (
					"$(inherited)",
					"@executable_path/Frameworks",
					"@loader_path/Frameworks",
				);
				PRODUCT_BUNDLE_IDENTIFIER = TestApp.FetchCodingChallengeUITests;
				PRODUCT_NAME = "$(TARGET_NAME)";
				SWIFT_VERSION = 5.0;
				TARGETED_DEVICE_FAMILY = "1,2";
				TEST_TARGET_NAME = FetchCodingChallenge;
			};
			name = Debug;
		};
		91BC2DE226164F4C0065AE95 /* Release */ = {
			isa = XCBuildConfiguration;
			buildSettings = {
				ALWAYS_EMBED_SWIFT_STANDARD_LIBRARIES = YES;
				CODE_SIGN_STYLE = Automatic;
				INFOPLIST_FILE = FetchCodingChallengeUITests/Info.plist;
				LD_RUNPATH_SEARCH_PATHS = (
					"$(inherited)",
					"@executable_path/Frameworks",
					"@loader_path/Frameworks",
				);
				PRODUCT_BUNDLE_IDENTIFIER = TestApp.FetchCodingChallengeUITests;
				PRODUCT_NAME = "$(TARGET_NAME)";
				SWIFT_VERSION = 5.0;
				TARGETED_DEVICE_FAMILY = "1,2";
				TEST_TARGET_NAME = FetchCodingChallenge;
			};
			name = Release;
		};
/* End XCBuildConfiguration section */

/* Begin XCConfigurationList section */
		91BC2DAB26164F490065AE95 /* Build configuration list for PBXProject "FetchCodingChallenge" */ = {
			isa = XCConfigurationList;
			buildConfigurations = (
				91BC2DD826164F4C0065AE95 /* Debug */,
				91BC2DD926164F4C0065AE95 /* Release */,
			);
			defaultConfigurationIsVisible = 0;
			defaultConfigurationName = Release;
		};
		91BC2DDA26164F4C0065AE95 /* Build configuration list for PBXNativeTarget "FetchCodingChallenge" */ = {
			isa = XCConfigurationList;
			buildConfigurations = (
				91BC2DDB26164F4C0065AE95 /* Debug */,
				91BC2DDC26164F4C0065AE95 /* Release */,
			);
			defaultConfigurationIsVisible = 0;
			defaultConfigurationName = Release;
		};
		91BC2DDD26164F4C0065AE95 /* Build configuration list for PBXNativeTarget "FetchCodingChallengeTests" */ = {
			isa = XCConfigurationList;
			buildConfigurations = (
				91BC2DDE26164F4C0065AE95 /* Debug */,
				91BC2DDF26164F4C0065AE95 /* Release */,
			);
			defaultConfigurationIsVisible = 0;
			defaultConfigurationName = Release;
		};
		91BC2DE026164F4C0065AE95 /* Build configuration list for PBXNativeTarget "FetchCodingChallengeUITests" */ = {
			isa = XCConfigurationList;
			buildConfigurations = (
				91BC2DE126164F4C0065AE95 /* Debug */,
				91BC2DE226164F4C0065AE95 /* Release */,
			);
			defaultConfigurationIsVisible = 0;
			defaultConfigurationName = Release;
		};
/* End XCConfigurationList section */
	};
	rootObject = 91BC2DA826164F490065AE95 /* Project object */;
}
